
Microsoft Visual Studio Solution File, Format Version 12.00
# Visual Studio Version 17
VisualStudioVersion = 17.8.34316.72
MinimumVisualStudioVersion = 10.0.40219.1
Project("{8BC9CEB8-8B4A-11D0-8D11-00A0C91BC942}") = "Project5", "Project5\Project5.vcxproj", "{202C1033-D11B-41A9-8329-D3B36CD27265}"
EndProject
Global
	GlobalSection(SolutionConfigurationPlatforms) = preSolution
		Debug|x64 = Debug|x64
		Debug|x86 = Debug|x86
		Release|x64 = Release|x64
		Release|x86 = Release|x86
	EndGlobalSection
	GlobalSection(ProjectConfigurationPlatforms) = postSolution
		{202C1033-D11B-41A9-8329-D3B36CD27265}.Debug|x64.ActiveCfg = Debug|x64
		{202C1033-D11B-41A9-8329-D3B36CD27265}.Debug|x64.Build.0 = Debug|x64
		{202C1033-D11B-41A9-8329-D3B36CD27265}.Debug|x86.ActiveCfg = Debug|Win32
		{202C1033-D11B-41A9-8329-D3B36CD27265}.Debug|x86.Build.0 = Debug|Win32
		{202C1033-D11B-41A9-8329-D3B36CD27265}.Release|x64.ActiveCfg = Release|x64
		{202C1033-D11B-41A9-8329-D3B36CD27265}.Release|x64.Build.0 = Release|x64
		{202C1033-D11B-41A9-8329-D3B36CD27265}.Release|x86.ActiveCfg = Release|Win32
		{202C1033-D11B-41A9-8329-D3B36CD27265}.Release|x86.Build.0 = Release|Win32
	EndGlobalSection
	GlobalSection(SolutionProperties) = preSolution
		HideSolutionNode = FALSE
	EndGlobalSection
	GlobalSection(ExtensibilityGlobals) = postSolution
		SolutionGuid = {1C28BCE7-5CA6-480B-8F87-1B94C63C344C}
	EndGlobalSection
EndGlobal
